// !$*UTF8*$!
{
	archiveVersion = 1;
	classes = {
	};
	objectVersion = 51;
	objects = {

/* Begin PBXBuildFile section */
		0C65EDC0C8D83F43BE69EA0E /* Pods_CryptoCurrenciesApp.framework in Frameworks */ = {isa = PBXBuildFile; fileRef = AE93F2D14FB9C928122051C6 /* Pods_CryptoCurrenciesApp.framework */; };
		BF0FD65C25B9F34D006D4E81 /* AppDelegate.swift in Sources */ = {isa = PBXBuildFile; fileRef = BF0FD65B25B9F34D006D4E81 /* AppDelegate.swift */; };
		BF0FD65E25B9F34D006D4E81 /* SceneDelegate.swift in Sources */ = {isa = PBXBuildFile; fileRef = BF0FD65D25B9F34D006D4E81 /* SceneDelegate.swift */; };
		BF0FD66525B9F34E006D4E81 /* Assets.xcassets in Resources */ = {isa = PBXBuildFile; fileRef = BF0FD66425B9F34E006D4E81 /* Assets.xcassets */; };
		BF0FD66825B9F34E006D4E81 /* LaunchScreen.storyboard in Resources */ = {isa = PBXBuildFile; fileRef = BF0FD66625B9F34E006D4E81 /* LaunchScreen.storyboard */; };
		BF0FD67F25B9FE38006D4E81 /* ConverterViewController.swift in Sources */ = {isa = PBXBuildFile; fileRef = BF0FD67D25B9FE38006D4E81 /* ConverterViewController.swift */; };
		BF0FD68025B9FE38006D4E81 /* ConverterViewController.xib in Resources */ = {isa = PBXBuildFile; fileRef = BF0FD67E25B9FE38006D4E81 /* ConverterViewController.xib */; };
		BF0FD68525B9FE4B006D4E81 /* ListViewController.swift in Sources */ = {isa = PBXBuildFile; fileRef = BF0FD68325B9FE4B006D4E81 /* ListViewController.swift */; };
		BF0FD68625B9FE4B006D4E81 /* ListViewController.xib in Resources */ = {isa = PBXBuildFile; fileRef = BF0FD68425B9FE4B006D4E81 /* ListViewController.xib */; };
		BF0FD68A25B9FECE006D4E81 /* HostViewController.swift in Sources */ = {isa = PBXBuildFile; fileRef = BF0FD68825B9FECE006D4E81 /* HostViewController.swift */; };
		BF0FD68B25B9FECE006D4E81 /* HostViewController.xib in Resources */ = {isa = PBXBuildFile; fileRef = BF0FD68925B9FECE006D4E81 /* HostViewController.xib */; };
		BF0FD68E25BA00A8006D4E81 /* Localizable.strings in Resources */ = {isa = PBXBuildFile; fileRef = BF0FD68D25BA00A8006D4E81 /* Localizable.strings */; };
		BF0FD6A325BA03DE006D4E81 /* CryptoCurrencyDataSource.swift in Sources */ = {isa = PBXBuildFile; fileRef = BF0FD6A225BA03DE006D4E81 /* CryptoCurrencyDataSource.swift */; };
		BF0FD6A625BA066D006D4E81 /* CryptoCurrencyNetworkSource.swift in Sources */ = {isa = PBXBuildFile; fileRef = BF0FD6A525BA066D006D4E81 /* CryptoCurrencyNetworkSource.swift */; };
		BF0FD6AD25BA0CBE006D4E81 /* BaseResponse.swift in Sources */ = {isa = PBXBuildFile; fileRef = BF0FD6AC25BA0CBE006D4E81 /* BaseResponse.swift */; };
		BF4A7FBC25BA136D0007006B /* ResponseStatusBean.swift in Sources */ = {isa = PBXBuildFile; fileRef = BF4A7FBB25BA136D0007006B /* ResponseStatusBean.swift */; };
		BF4A7FC025BA16320007006B /* ObservableType+.swift in Sources */ = {isa = PBXBuildFile; fileRef = BF4A7FBF25BA16320007006B /* ObservableType+.swift */; };
		BFF1B3B325C31AF400C81466 /* CryptoCurrencyBean.swift in Sources */ = {isa = PBXBuildFile; fileRef = BFF1B3B225C31AF400C81466 /* CryptoCurrencyBean.swift */; };
/* End PBXBuildFile section */

/* Begin PBXFileReference section */
		35561FDAFF38ABB06E7FD209 /* Pods-CryptoCurrenciesApp.debug.xcconfig */ = {isa = PBXFileReference; includeInIndex = 1; lastKnownFileType = text.xcconfig; name = "Pods-CryptoCurrenciesApp.debug.xcconfig"; path = "Target Support Files/Pods-CryptoCurrenciesApp/Pods-CryptoCurrenciesApp.debug.xcconfig"; sourceTree = "<group>"; };
		4ECEE80E7BAFE6A384A96AF2 /* Pods-CryptoCurrenciesApp.release.xcconfig */ = {isa = PBXFileReference; includeInIndex = 1; lastKnownFileType = text.xcconfig; name = "Pods-CryptoCurrenciesApp.release.xcconfig"; path = "Target Support Files/Pods-CryptoCurrenciesApp/Pods-CryptoCurrenciesApp.release.xcconfig"; sourceTree = "<group>"; };
		AE93F2D14FB9C928122051C6 /* Pods_CryptoCurrenciesApp.framework */ = {isa = PBXFileReference; explicitFileType = wrapper.framework; includeInIndex = 0; path = Pods_CryptoCurrenciesApp.framework; sourceTree = BUILT_PRODUCTS_DIR; };
		BF0FD65825B9F34D006D4E81 /* CryptoCurrenciesApp.app */ = {isa = PBXFileReference; explicitFileType = wrapper.application; includeInIndex = 0; path = CryptoCurrenciesApp.app; sourceTree = BUILT_PRODUCTS_DIR; };
		BF0FD65B25B9F34D006D4E81 /* AppDelegate.swift */ = {isa = PBXFileReference; lastKnownFileType = sourcecode.swift; path = AppDelegate.swift; sourceTree = "<group>"; };
		BF0FD65D25B9F34D006D4E81 /* SceneDelegate.swift */ = {isa = PBXFileReference; lastKnownFileType = sourcecode.swift; path = SceneDelegate.swift; sourceTree = "<group>"; };
		BF0FD66425B9F34E006D4E81 /* Assets.xcassets */ = {isa = PBXFileReference; lastKnownFileType = folder.assetcatalog; path = Assets.xcassets; sourceTree = "<group>"; };
		BF0FD66725B9F34E006D4E81 /* Base */ = {isa = PBXFileReference; lastKnownFileType = file.storyboard; name = Base; path = Base.lproj/LaunchScreen.storyboard; sourceTree = "<group>"; };
		BF0FD66925B9F34E006D4E81 /* Info.plist */ = {isa = PBXFileReference; lastKnownFileType = text.plist.xml; path = Info.plist; sourceTree = "<group>"; };
		BF0FD67D25B9FE38006D4E81 /* ConverterViewController.swift */ = {isa = PBXFileReference; lastKnownFileType = sourcecode.swift; path = ConverterViewController.swift; sourceTree = "<group>"; };
		BF0FD67E25B9FE38006D4E81 /* ConverterViewController.xib */ = {isa = PBXFileReference; lastKnownFileType = file.xib; path = ConverterViewController.xib; sourceTree = "<group>"; };
		BF0FD68325B9FE4B006D4E81 /* ListViewController.swift */ = {isa = PBXFileReference; lastKnownFileType = sourcecode.swift; path = ListViewController.swift; sourceTree = "<group>"; };
		BF0FD68425B9FE4B006D4E81 /* ListViewController.xib */ = {isa = PBXFileReference; lastKnownFileType = file.xib; path = ListViewController.xib; sourceTree = "<group>"; };
		BF0FD68825B9FECE006D4E81 /* HostViewController.swift */ = {isa = PBXFileReference; lastKnownFileType = sourcecode.swift; path = HostViewController.swift; sourceTree = "<group>"; };
		BF0FD68925B9FECE006D4E81 /* HostViewController.xib */ = {isa = PBXFileReference; lastKnownFileType = file.xib; path = HostViewController.xib; sourceTree = "<group>"; };
		BF0FD68D25BA00A8006D4E81 /* Localizable.strings */ = {isa = PBXFileReference; lastKnownFileType = text.plist.strings; path = Localizable.strings; sourceTree = "<group>"; };
		BF0FD6A225BA03DE006D4E81 /* CryptoCurrencyDataSource.swift */ = {isa = PBXFileReference; lastKnownFileType = sourcecode.swift; path = CryptoCurrencyDataSource.swift; sourceTree = "<group>"; };
		BF0FD6A525BA066D006D4E81 /* CryptoCurrencyNetworkSource.swift */ = {isa = PBXFileReference; lastKnownFileType = sourcecode.swift; path = CryptoCurrencyNetworkSource.swift; sourceTree = "<group>"; };
		BF0FD6AC25BA0CBE006D4E81 /* BaseResponse.swift */ = {isa = PBXFileReference; lastKnownFileType = sourcecode.swift; path = BaseResponse.swift; sourceTree = "<group>"; };
		BF4A7FBB25BA136D0007006B /* ResponseStatusBean.swift */ = {isa = PBXFileReference; lastKnownFileType = sourcecode.swift; path = ResponseStatusBean.swift; sourceTree = "<group>"; };
		BF4A7FBF25BA16320007006B /* ObservableType+.swift */ = {isa = PBXFileReference; lastKnownFileType = sourcecode.swift; path = "ObservableType+.swift"; sourceTree = "<group>"; };
		BFF1B3B225C31AF400C81466 /* CryptoCurrencyBean.swift */ = {isa = PBXFileReference; lastKnownFileType = sourcecode.swift; path = CryptoCurrencyBean.swift; sourceTree = "<group>"; };
/* End PBXFileReference section */

/* Begin PBXFrameworksBuildPhase section */
		BF0FD65525B9F34D006D4E81 /* Frameworks */ = {
			isa = PBXFrameworksBuildPhase;
			buildActionMask = 2147483647;
			files = (
				0C65EDC0C8D83F43BE69EA0E /* Pods_CryptoCurrenciesApp.framework in Frameworks */,
			);
			runOnlyForDeploymentPostprocessing = 0;
		};
/* End PBXFrameworksBuildPhase section */

/* Begin PBXGroup section */
		2CAA06364407AC0880000321 /* Frameworks */ = {
			isa = PBXGroup;
			children = (
				AE93F2D14FB9C928122051C6 /* Pods_CryptoCurrenciesApp.framework */,
			);
			name = Frameworks;
			sourceTree = "<group>";
		};
		BF0FD64F25B9F34C006D4E81 = {
			isa = PBXGroup;
			children = (
				BF0FD68D25BA00A8006D4E81 /* Localizable.strings */,
				BF0FD65A25B9F34D006D4E81 /* CryptoCurrenciesApp */,
				BF0FD65925B9F34D006D4E81 /* Products */,
				D678A552C62AEDABF110B348 /* Pods */,
				2CAA06364407AC0880000321 /* Frameworks */,
			);
			sourceTree = "<group>";
		};
		BF0FD65925B9F34D006D4E81 /* Products */ = {
			isa = PBXGroup;
			children = (
				BF0FD65825B9F34D006D4E81 /* CryptoCurrenciesApp.app */,
			);
			name = Products;
			sourceTree = "<group>";
		};
		BF0FD65A25B9F34D006D4E81 /* CryptoCurrenciesApp */ = {
			isa = PBXGroup;
			children = (
				BF0FD67225B9F41D006D4E81 /* Presentation */,
				BF0FD67125B9F40C006D4E81 /* Domain */,
				BF0FD67025B9F405006D4E81 /* Data */,
				BF0FD65B25B9F34D006D4E81 /* AppDelegate.swift */,
				BF0FD65D25B9F34D006D4E81 /* SceneDelegate.swift */,
				BF0FD66425B9F34E006D4E81 /* Assets.xcassets */,
				BF0FD66625B9F34E006D4E81 /* LaunchScreen.storyboard */,
				BF0FD66925B9F34E006D4E81 /* Info.plist */,
			);
			path = CryptoCurrenciesApp;
			sourceTree = "<group>";
		};
		BF0FD67025B9F405006D4E81 /* Data */ = {
			isa = PBXGroup;
			children = (
				BF4A7FBA25BA13520007006B /* Response */,
				BF0FD6A225BA03DE006D4E81 /* CryptoCurrencyDataSource.swift */,
				BF0FD6A525BA066D006D4E81 /* CryptoCurrencyNetworkSource.swift */,
				BF4A7FBF25BA16320007006B /* ObservableType+.swift */,
			);
			path = Data;
			sourceTree = "<group>";
		};
		BF0FD67125B9F40C006D4E81 /* Domain */ = {
			isa = PBXGroup;
			children = (
			);
			path = Domain;
			sourceTree = "<group>";
		};
		BF0FD67225B9F41D006D4E81 /* Presentation */ = {
			isa = PBXGroup;
			children = (
				BF0FD67D25B9FE38006D4E81 /* ConverterViewController.swift */,
				BF0FD67E25B9FE38006D4E81 /* ConverterViewController.xib */,
				BF0FD68325B9FE4B006D4E81 /* ListViewController.swift */,
				BF0FD68425B9FE4B006D4E81 /* ListViewController.xib */,
				BF0FD68825B9FECE006D4E81 /* HostViewController.swift */,
				BF0FD68925B9FECE006D4E81 /* HostViewController.xib */,
			);
			path = Presentation;
			sourceTree = "<group>";
		};
		BF4A7FBA25BA13520007006B /* Response */ = {
			isa = PBXGroup;
			children = (
				BF0FD6AC25BA0CBE006D4E81 /* BaseResponse.swift */,
				BF4A7FBB25BA136D0007006B /* ResponseStatusBean.swift */,
				BFF1B3B225C31AF400C81466 /* CryptoCurrencyBean.swift */,
			);
			path = Response;
			sourceTree = "<group>";
		};
		D678A552C62AEDABF110B348 /* Pods */ = {
			isa = PBXGroup;
			children = (
				35561FDAFF38ABB06E7FD209 /* Pods-CryptoCurrenciesApp.debug.xcconfig */,
				4ECEE80E7BAFE6A384A96AF2 /* Pods-CryptoCurrenciesApp.release.xcconfig */,
			);
			path = Pods;
			sourceTree = "<group>";
		};
/* End PBXGroup section */

/* Begin PBXNativeTarget section */
		BF0FD65725B9F34D006D4E81 /* CryptoCurrenciesApp */ = {
			isa = PBXNativeTarget;
			buildConfigurationList = BF0FD66C25B9F34E006D4E81 /* Build configuration list for PBXNativeTarget "CryptoCurrenciesApp" */;
			buildPhases = (
				C329236B9CC7F64AAC4B1EC0 /* [CP] Check Pods Manifest.lock */,
				BF0FD65425B9F34D006D4E81 /* Sources */,
				BF0FD65525B9F34D006D4E81 /* Frameworks */,
				BF0FD65625B9F34D006D4E81 /* Resources */,
				E488357F123A02FAA86672DF /* [CP] Embed Pods Frameworks */,
			);
			buildRules = (
			);
			dependencies = (
			);
			name = CryptoCurrenciesApp;
			productName = CryptoCurrenciesApp;
			productReference = BF0FD65825B9F34D006D4E81 /* CryptoCurrenciesApp.app */;
			productType = "com.apple.product-type.application";
		};
/* End PBXNativeTarget section */

/* Begin PBXProject section */
		BF0FD65025B9F34C006D4E81 /* Project object */ = {
			isa = PBXProject;
			attributes = {
				LastSwiftUpdateCheck = 1230;
				LastUpgradeCheck = 1230;
				TargetAttributes = {
					BF0FD65725B9F34D006D4E81 = {
						CreatedOnToolsVersion = 12.3;
					};
				};
			};
			buildConfigurationList = BF0FD65325B9F34C006D4E81 /* Build configuration list for PBXProject "CryptoCurrenciesApp" */;
			compatibilityVersion = "Xcode 9.3";
			developmentRegion = en;
			hasScannedForEncodings = 0;
			knownRegions = (
				en,
				Base,
			);
			mainGroup = BF0FD64F25B9F34C006D4E81;
			productRefGroup = BF0FD65925B9F34D006D4E81 /* Products */;
			projectDirPath = "";
			projectRoot = "";
			targets = (
				BF0FD65725B9F34D006D4E81 /* CryptoCurrenciesApp */,
			);
		};
/* End PBXProject section */

/* Begin PBXResourcesBuildPhase section */
		BF0FD65625B9F34D006D4E81 /* Resources */ = {
			isa = PBXResourcesBuildPhase;
			buildActionMask = 2147483647;
			files = (
				BF0FD66825B9F34E006D4E81 /* LaunchScreen.storyboard in Resources */,
				BF0FD68E25BA00A8006D4E81 /* Localizable.strings in Resources */,
				BF0FD68025B9FE38006D4E81 /* ConverterViewController.xib in Resources */,
				BF0FD68625B9FE4B006D4E81 /* ListViewController.xib in Resources */,
				BF0FD68B25B9FECE006D4E81 /* HostViewController.xib in Resources */,
				BF0FD66525B9F34E006D4E81 /* Assets.xcassets in Resources */,
			);
			runOnlyForDeploymentPostprocessing = 0;
		};
/* End PBXResourcesBuildPhase section */

/* Begin PBXShellScriptBuildPhase section */
		C329236B9CC7F64AAC4B1EC0 /* [CP] Check Pods Manifest.lock */ = {
			isa = PBXShellScriptBuildPhase;
			buildActionMask = 2147483647;
			files = (
			);
			inputFileListPaths = (
			);
			inputPaths = (
				"${PODS_PODFILE_DIR_PATH}/Podfile.lock",
				"${PODS_ROOT}/Manifest.lock",
			);
			name = "[CP] Check Pods Manifest.lock";
			outputFileListPaths = (
			);
			outputPaths = (
				"$(DERIVED_FILE_DIR)/Pods-CryptoCurrenciesApp-checkManifestLockResult.txt",
			);
			runOnlyForDeploymentPostprocessing = 0;
			shellPath = /bin/sh;
			shellScript = "diff \"${PODS_PODFILE_DIR_PATH}/Podfile.lock\" \"${PODS_ROOT}/Manifest.lock\" > /dev/null\nif [ $? != 0 ] ; then\n    # print error to STDERR\n    echo \"error: The sandbox is not in sync with the Podfile.lock. Run 'pod install' or update your CocoaPods installation.\" >&2\n    exit 1\nfi\n# This output is used by Xcode 'outputs' to avoid re-running this script phase.\necho \"SUCCESS\" > \"${SCRIPT_OUTPUT_FILE_0}\"\n";
			showEnvVarsInLog = 0;
		};
		E488357F123A02FAA86672DF /* [CP] Embed Pods Frameworks */ = {
			isa = PBXShellScriptBuildPhase;
			buildActionMask = 2147483647;
			files = (
			);
			inputFileListPaths = (
				"${PODS_ROOT}/Target Support Files/Pods-CryptoCurrenciesApp/Pods-CryptoCurrenciesApp-frameworks-${CONFIGURATION}-input-files.xcfilelist",
			);
			name = "[CP] Embed Pods Frameworks";
			outputFileListPaths = (
				"${PODS_ROOT}/Target Support Files/Pods-CryptoCurrenciesApp/Pods-CryptoCurrenciesApp-frameworks-${CONFIGURATION}-output-files.xcfilelist",
			);
			runOnlyForDeploymentPostprocessing = 0;
			shellPath = /bin/sh;
			shellScript = "\"${PODS_ROOT}/Target Support Files/Pods-CryptoCurrenciesApp/Pods-CryptoCurrenciesApp-frameworks.sh\"\n";
			showEnvVarsInLog = 0;
		};
/* End PBXShellScriptBuildPhase section */

/* Begin PBXSourcesBuildPhase section */
		BF0FD65425B9F34D006D4E81 /* Sources */ = {
			isa = PBXSourcesBuildPhase;
			buildActionMask = 2147483647;
			files = (
				BF4A7FBC25BA136D0007006B /* ResponseStatusBean.swift in Sources */,
				BF0FD6A325BA03DE006D4E81 /* CryptoCurrencyDataSource.swift in Sources */,
				BF0FD65C25B9F34D006D4E81 /* AppDelegate.swift in Sources */,
				BF0FD68A25B9FECE006D4E81 /* HostViewController.swift in Sources */,
				BF0FD65E25B9F34D006D4E81 /* SceneDelegate.swift in Sources */,
				BF0FD68525B9FE4B006D4E81 /* ListViewController.swift in Sources */,
				BF4A7FC025BA16320007006B /* ObservableType+.swift in Sources */,
				BFF1B3B325C31AF400C81466 /* CryptoCurrencyBean.swift in Sources */,
				BF0FD67F25B9FE38006D4E81 /* ConverterViewController.swift in Sources */,
				BF0FD6A625BA066D006D4E81 /* CryptoCurrencyNetworkSource.swift in Sources */,
				BF0FD6AD25BA0CBE006D4E81 /* BaseResponse.swift in Sources */,
			);
			runOnlyForDeploymentPostprocessing = 0;
		};
/* End PBXSourcesBuildPhase section */

/* Begin PBXVariantGroup section */
		BF0FD66625B9F34E006D4E81 /* LaunchScreen.storyboard */ = {
			isa = PBXVariantGroup;
			children = (
				BF0FD66725B9F34E006D4E81 /* Base */,
			);
			name = LaunchScreen.storyboard;
			sourceTree = "<group>";
		};
/* End PBXVariantGroup section */

/* Begin XCBuildConfiguration section */
		BF0FD66A25B9F34E006D4E81 /* Debug */ = {
			isa = XCBuildConfiguration;
			buildSettings = {
				ALWAYS_SEARCH_USER_PATHS = NO;
				CLANG_ANALYZER_NONNULL = YES;
				CLANG_ANALYZER_NUMBER_OBJECT_CONVERSION = YES_AGGRESSIVE;
				CLANG_CXX_LANGUAGE_STANDARD = "gnu++14";
				CLANG_CXX_LIBRARY = "libc++";
				CLANG_ENABLE_MODULES = YES;
				CLANG_ENABLE_OBJC_ARC = YES;
				CLANG_ENABLE_OBJC_WEAK = YES;
				CLANG_WARN_BLOCK_CAPTURE_AUTORELEASING = YES;
				CLANG_WARN_BOOL_CONVERSION = YES;
				CLANG_WARN_COMMA = YES;
				CLANG_WARN_CONSTANT_CONVERSION = YES;
				CLANG_WARN_DEPRECATED_OBJC_IMPLEMENTATIONS = YES;
				CLANG_WARN_DIRECT_OBJC_ISA_USAGE = YES_ERROR;
				CLANG_WARN_DOCUMENTATION_COMMENTS = YES;
				CLANG_WARN_EMPTY_BODY = YES;
				CLANG_WARN_ENUM_CONVERSION = YES;
				CLANG_WARN_INFINITE_RECURSION = YES;
				CLANG_WARN_INT_CONVERSION = YES;
				CLANG_WARN_NON_LITERAL_NULL_CONVERSION = YES;
				CLANG_WARN_OBJC_IMPLICIT_RETAIN_SELF = YES;
				CLANG_WARN_OBJC_LITERAL_CONVERSION = YES;
				CLANG_WARN_OBJC_ROOT_CLASS = YES_ERROR;
				CLANG_WARN_QUOTED_INCLUDE_IN_FRAMEWORK_HEADER = YES;
				CLANG_WARN_RANGE_LOOP_ANALYSIS = YES;
				CLANG_WARN_STRICT_PROTOTYPES = YES;
				CLANG_WARN_SUSPICIOUS_MOVE = YES;
				CLANG_WARN_UNGUARDED_AVAILABILITY = YES_AGGRESSIVE;
				CLANG_WARN_UNREACHABLE_CODE = YES;
				CLANG_WARN__DUPLICATE_METHOD_MATCH = YES;
				COPY_PHASE_STRIP = NO;
				DEBUG_INFORMATION_FORMAT = dwarf;
				ENABLE_STRICT_OBJC_MSGSEND = YES;
				ENABLE_TESTABILITY = YES;
				GCC_C_LANGUAGE_STANDARD = gnu11;
				GCC_DYNAMIC_NO_PIC = NO;
				GCC_NO_COMMON_BLOCKS = YES;
				GCC_OPTIMIZATION_LEVEL = 0;
				GCC_PREPROCESSOR_DEFINITIONS = (
					"DEBUG=1",
					"$(inherited)",
				);
				GCC_WARN_64_TO_32_BIT_CONVERSION = YES;
				GCC_WARN_ABOUT_RETURN_TYPE = YES_ERROR;
				GCC_WARN_UNDECLARED_SELECTOR = YES;
				GCC_WARN_UNINITIALIZED_AUTOS = YES_AGGRESSIVE;
				GCC_WARN_UNUSED_FUNCTION = YES;
				GCC_WARN_UNUSED_VARIABLE = YES;
				IPHONEOS_DEPLOYMENT_TARGET = 14.3;
				MTL_ENABLE_DEBUG_INFO = INCLUDE_SOURCE;
				MTL_FAST_MATH = YES;
				ONLY_ACTIVE_ARCH = YES;
				SDKROOT = iphoneos;
				SWIFT_ACTIVE_COMPILATION_CONDITIONS = DEBUG;
				SWIFT_OPTIMIZATION_LEVEL = "-Onone";
			};
			name = Debug;
		};
		BF0FD66B25B9F34E006D4E81 /* Release */ = {
			isa = XCBuildConfiguration;
			buildSettings = {
				ALWAYS_SEARCH_USER_PATHS = NO;
				CLANG_ANALYZER_NONNULL = YES;
				CLANG_ANALYZER_NUMBER_OBJECT_CONVERSION = YES_AGGRESSIVE;
				CLANG_CXX_LANGUAGE_STANDARD = "gnu++14";
				CLANG_CXX_LIBRARY = "libc++";
				CLANG_ENABLE_MODULES = YES;
				CLANG_ENABLE_OBJC_ARC = YES;
				CLANG_ENABLE_OBJC_WEAK = YES;
				CLANG_WARN_BLOCK_CAPTURE_AUTORELEASING = YES;
				CLANG_WARN_BOOL_CONVERSION = YES;
				CLANG_WARN_COMMA = YES;
				CLANG_WARN_CONSTANT_CONVERSION = YES;
				CLANG_WARN_DEPRECATED_OBJC_IMPLEMENTATIONS = YES;
				CLANG_WARN_DIRECT_OBJC_ISA_USAGE = YES_ERROR;
				CLANG_WARN_DOCUMENTATION_COMMENTS = YES;
				CLANG_WARN_EMPTY_BODY = YES;
				CLANG_WARN_ENUM_CONVERSION = YES;
				CLANG_WARN_INFINITE_RECURSION = YES;
				CLANG_WARN_INT_CONVERSION = YES;
				CLANG_WARN_NON_LITERAL_NULL_CONVERSION = YES;
				CLANG_WARN_OBJC_IMPLICIT_RETAIN_SELF = YES;
				CLANG_WARN_OBJC_LITERAL_CONVERSION = YES;
				CLANG_WARN_OBJC_ROOT_CLASS = YES_ERROR;
				CLANG_WARN_QUOTED_INCLUDE_IN_FRAMEWORK_HEADER = YES;
				CLANG_WARN_RANGE_LOOP_ANALYSIS = YES;
				CLANG_WARN_STRICT_PROTOTYPES = YES;
				CLANG_WARN_SUSPICIOUS_MOVE = YES;
				CLANG_WARN_UNGUARDED_AVAILABILITY = YES_AGGRESSIVE;
				CLANG_WARN_UNREACHABLE_CODE = YES;
				CLANG_WARN__DUPLICATE_METHOD_MATCH = YES;
				COPY_PHASE_STRIP = NO;
				DEBUG_INFORMATION_FORMAT = "dwarf-with-dsym";
				ENABLE_NS_ASSERTIONS = NO;
				ENABLE_STRICT_OBJC_MSGSEND = YES;
				GCC_C_LANGUAGE_STANDARD = gnu11;
				GCC_NO_COMMON_BLOCKS = YES;
				GCC_WARN_64_TO_32_BIT_CONVERSION = YES;
				GCC_WARN_ABOUT_RETURN_TYPE = YES_ERROR;
				GCC_WARN_UNDECLARED_SELECTOR = YES;
				GCC_WARN_UNINITIALIZED_AUTOS = YES_AGGRESSIVE;
				GCC_WARN_UNUSED_FUNCTION = YES;
				GCC_WARN_UNUSED_VARIABLE = YES;
				IPHONEOS_DEPLOYMENT_TARGET = 14.3;
				MTL_ENABLE_DEBUG_INFO = NO;
				MTL_FAST_MATH = YES;
				SDKROOT = iphoneos;
				SWIFT_COMPILATION_MODE = wholemodule;
				SWIFT_OPTIMIZATION_LEVEL = "-O";
				VALIDATE_PRODUCT = YES;
			};
			name = Release;
		};
		BF0FD66D25B9F34E006D4E81 /* Debug */ = {
			isa = XCBuildConfiguration;
			baseConfigurationReference = 35561FDAFF38ABB06E7FD209 /* Pods-CryptoCurrenciesApp.debug.xcconfig */;
			buildSettings = {
				ASSETCATALOG_COMPILER_APPICON_NAME = AppIcon;
				ASSETCATALOG_COMPILER_GLOBAL_ACCENT_COLOR_NAME = AccentColor;
				CODE_SIGN_STYLE = Automatic;
				DEVELOPMENT_TEAM = 92RXY35M85;
				INFOPLIST_FILE = CryptoCurrenciesApp/Info.plist;
				LD_RUNPATH_SEARCH_PATHS = (
					"$(inherited)",
					"@executable_path/Frameworks",
				);
				PRODUCT_BUNDLE_IDENTIFIER = com.softhapps.CryptoCurrenciesApp;
				PRODUCT_NAME = "$(TARGET_NAME)";
				SWIFT_VERSION = 5.0;
				TARGETED_DEVICE_FAMILY = "1,2";
			};
			name = Debug;
		};
		BF0FD66E25B9F34E006D4E81 /* Release */ = {
			isa = XCBuildConfiguration;
			baseConfigurationReference = 4ECEE80E7BAFE6A384A96AF2 /* Pods-CryptoCurrenciesApp.release.xcconfig */;
			buildSettings = {
				ASSETCATALOG_COMPILER_APPICON_NAME = AppIcon;
				ASSETCATALOG_COMPILER_GLOBAL_ACCENT_COLOR_NAME = AccentColor;
				CODE_SIGN_STYLE = Automatic;
				DEVELOPMENT_TEAM = 92RXY35M85;
				INFOPLIST_FILE = CryptoCurrenciesApp/Info.plist;
				LD_RUNPATH_SEARCH_PATHS = (
					"$(inherited)",
					"@executable_path/Frameworks",
				);
				PRODUCT_BUNDLE_IDENTIFIER = com.softhapps.CryptoCurrenciesApp;
				PRODUCT_NAME = "$(TARGET_NAME)";
				SWIFT_VERSION = 5.0;
				TARGETED_DEVICE_FAMILY = "1,2";
			};
			name = Release;
		};
/* End XCBuildConfiguration section */

/* Begin XCConfigurationList section */
		BF0FD65325B9F34C006D4E81 /* Build configuration list for PBXProject "CryptoCurrenciesApp" */ = {
			isa = XCConfigurationList;
			buildConfigurations = (
				BF0FD66A25B9F34E006D4E81 /* Debug */,
				BF0FD66B25B9F34E006D4E81 /* Release */,
			);
			defaultConfigurationIsVisible = 0;
			defaultConfigurationName = Release;
		};
		BF0FD66C25B9F34E006D4E81 /* Build configuration list for PBXNativeTarget "CryptoCurrenciesApp" */ = {
			isa = XCConfigurationList;
			buildConfigurations = (
				BF0FD66D25B9F34E006D4E81 /* Debug */,
				BF0FD66E25B9F34E006D4E81 /* Release */,
			);
			defaultConfigurationIsVisible = 0;
			defaultConfigurationName = Release;
		};
/* End XCConfigurationList section */
	};
	rootObject = BF0FD65025B9F34C006D4E81 /* Project object */;
}
